<?xml version="1.0" encoding="utf-8"?>
<Project ToolsVersion="4.0" xmlns="http://schemas.microsoft.com/developer/msbuild/2003">
  <ItemGroup>
    <Filter Include="Engine">
      <UniqueIdentifier>{05b94636-2cad-4b31-86a2-d764d698b544}</UniqueIdentifier>
    </Filter>
    <Filter Include="Default">
      <UniqueIdentifier>{9522645b-9bfd-4f5f-8595-b55374848e66}</UniqueIdentifier>
    </Filter>
    <Filter Include="Default\리소스 파일">
      <UniqueIdentifier>{67DA6AB6-F800-4c08-8B7A-83BB121AAD01}</UniqueIdentifier>
      <Extensions>rc;ico;cur;bmp;dlg;rc2;rct;bin;rgs;gif;jpg;jpeg;jpe;resx;tiff;tif;png;wav;mfcribbon-ms</Extensions>
    </Filter>
    <Filter Include="Engine\02. Core">
      <UniqueIdentifier>{0cd80224-cba5-4afb-ad20-558034944a08}</UniqueIdentifier>
    </Filter>
    <Filter Include="Engine\01. Header">
      <UniqueIdentifier>{c481201f-264b-4387-a354-6d919126f20c}</UniqueIdentifier>
    </Filter>
    <Filter Include="Engine\03. Manager">
      <UniqueIdentifier>{1eafad5b-8509-49b2-b57c-f6525acf7989}</UniqueIdentifier>
    </Filter>
    <Filter Include="Engine\03. Manager\KeyMgr">
      <UniqueIdentifier>{d21967ec-14e9-4627-af87-590d0fb515f2}</UniqueIdentifier>
    </Filter>
    <Filter Include="Engine\03. Manager\TimeMgr">
      <UniqueIdentifier>{a4adfbeb-9600-4803-b713-c1c1e7be6ef2}</UniqueIdentifier>
    </Filter>
    <Filter Include="Engine\03. Manager\SceneMgr">
      <UniqueIdentifier>{1fbadd8c-628f-4c32-8582-44599731a310}</UniqueIdentifier>
    </Filter>
    <Filter Include="Engine\04. Object">
      <UniqueIdentifier>{d58864fb-f0b8-4b1f-9545-13ef7f85cd67}</UniqueIdentifier>
    </Filter>
    <Filter Include="Engine\05. Scene">
      <UniqueIdentifier>{43477c02-dede-4791-bdd8-60016e817ae1}</UniqueIdentifier>
    </Filter>
    <Filter Include="Engine\05. Scene\Scene_Start">
      <UniqueIdentifier>{f0e371c5-37e7-469f-8d44-2288a0caa6bf}</UniqueIdentifier>
    </Filter>
    <Filter Include="Engine\05. Scene\Scene_Tool">
      <UniqueIdentifier>{331e697e-28bd-4613-b4e5-f9df3e92d07d}</UniqueIdentifier>
    </Filter>
    <Filter Include="Engine\04. Object\Player">
      <UniqueIdentifier>{ec381187-9490-4750-8978-b5dc1efa382d}</UniqueIdentifier>
    </Filter>
    <Filter Include="Engine\04. Object\Monster">
      <UniqueIdentifier>{00b723fb-45dc-42ae-a98f-b57e11e5fd01}</UniqueIdentifier>
    </Filter>
    <Filter Include="Engine\06. Resource">
      <UniqueIdentifier>{1b418714-eace-449e-9f06-f9cf5f6ad671}</UniqueIdentifier>
    </Filter>
    <Filter Include="Engine\06. Resource\Texture">
      <UniqueIdentifier>{b812942f-3293-48d7-8dfc-702c03cf23cb}</UniqueIdentifier>
    </Filter>
    <Filter Include="Engine\03. Manager\PathMgr">
      <UniqueIdentifier>{89c3a7ab-8130-4310-a09e-00d5e438fe75}</UniqueIdentifier>
    </Filter>
    <Filter Include="Engine\03. Manager\ResMgr">
      <UniqueIdentifier>{e9a17183-9cd3-40ca-b126-17d7ff9646c4}</UniqueIdentifier>
    </Filter>
    <Filter Include="Engine\07. Component">
      <UniqueIdentifier>{dcac54d2-20c4-4670-ad07-8a91c808bc5f}</UniqueIdentifier>
    </Filter>
    <Filter Include="Engine\08. Module">
      <UniqueIdentifier>{a6658d01-ccd5-4fb8-aff4-e065e049ec9c}</UniqueIdentifier>
    </Filter>
    <Filter Include="Engine\03. Manager\CollisionMgr">
      <UniqueIdentifier>{6a4abd73-1e49-4a5b-ad56-1b647a3ba447}</UniqueIdentifier>
    </Filter>
    <Filter Include="Engine\03. Manager\EventMgr">
      <UniqueIdentifier>{d522c07d-22fe-40fb-9c1f-bd04a23cb7cf}</UniqueIdentifier>
    </Filter>
    <Filter Include="Engine\07. Component\Animator">
      <UniqueIdentifier>{1caae1e4-0bd2-45d2-a76a-247adf55a1ea}</UniqueIdentifier>
    </Filter>
    <Filter Include="Engine\07. Component\Collider">
      <UniqueIdentifier>{e71ed116-e6a6-41a0-8a3d-53731a51e99b}</UniqueIdentifier>
    </Filter>
    <Filter Include="Engine\07. Component\Animator\Animation">
      <UniqueIdentifier>{d2fe5e7e-2099-479c-86eb-cfe6750d91f1}</UniqueIdentifier>
    </Filter>
    <Filter Include="Engine\03. Manager\Camera">
      <UniqueIdentifier>{84afa0e7-314a-42c2-80c5-344407de2dba}</UniqueIdentifier>
    </Filter>
    <Filter Include="Engine\04. Object\Player\Isaac">
      <UniqueIdentifier>{17975f9d-70a5-40eb-9c34-31b5d60d3e52}</UniqueIdentifier>
    </Filter>
    <Filter Include="Engine\04. Object\Tile">
      <UniqueIdentifier>{ee077a37-b10d-4fe7-9f0f-7df13cda7ed5}</UniqueIdentifier>
    </Filter>
    <Filter Include="Engine\04. Object\UI">
      <UniqueIdentifier>{e022c7f4-cb3c-4cf0-b9f0-43d95c4c3ecc}</UniqueIdentifier>
    </Filter>
    <Filter Include="Engine\06. Resource\Sound">
      <UniqueIdentifier>{e07e73ee-6647-40e5-a652-f10b04b9c66f}</UniqueIdentifier>
    </Filter>
    <Filter Include="Engine\03. Manager\UIMgr">
      <UniqueIdentifier>{97b65472-bf87-4e72-88af-57b3b308b788}</UniqueIdentifier>
    </Filter>
    <Filter Include="Engine\04. Object\Item">
      <UniqueIdentifier>{25d22daf-186b-4c95-8c1c-23418b5cfde2}</UniqueIdentifier>
    </Filter>
    <Filter Include="Engine\04. Object\UI\BtnUI">
      <UniqueIdentifier>{d3c4a910-f1ba-47bc-8387-1a4f165cc977}</UniqueIdentifier>
    </Filter>
    <Filter Include="Engine\04. Object\UI\PanelUI">
      <UniqueIdentifier>{d6bf6595-d433-4df2-9cca-53fb2d440a41}</UniqueIdentifier>
    </Filter>
    <Filter Include="Engine\04. Object\Monster\gaper">
      <UniqueIdentifier>{e45ef53b-0a9a-4555-8fd8-04248f7834ff}</UniqueIdentifier>
    </Filter>
    <Filter Include="Engine\04. Object\WallCollider">
      <UniqueIdentifier>{7c388e62-622d-44c6-bb98-c4d90ccefc4f}</UniqueIdentifier>
    </Filter>
    <Filter Include="Engine\05. Scene\Scene_Menu">
      <UniqueIdentifier>{da9d1387-a0ff-4a39-a64c-7d8d31ff7313}</UniqueIdentifier>
    </Filter>
    <Filter Include="Engine\04. Object\Menu">
      <UniqueIdentifier>{8fe55a03-1275-4fb7-a9ff-be725c1ccbb5}</UniqueIdentifier>
    </Filter>
    <Filter Include="Engine\04. Object\UI\Status">
      <UniqueIdentifier>{935d1b76-63ae-4d9e-bca6-bec27cb66a3f}</UniqueIdentifier>
    </Filter>
    <Filter Include="Engine\04. Object\UI\Status\Heart">
      <UniqueIdentifier>{4ef3668a-3ac0-4fcb-a657-fcd80fe5d5a6}</UniqueIdentifier>
    </Filter>
    <Filter Include="Engine\04. Object\UI\Status\Pickup">
      <UniqueIdentifier>{6eca4863-faeb-4fb9-8e17-53288d16beb7}</UniqueIdentifier>
    </Filter>
    <Filter Include="Engine\08. Module\AI">
      <UniqueIdentifier>{36fc16bd-1015-42db-878e-e8ac490e7dfa}</UniqueIdentifier>
    </Filter>
    <Filter Include="Engine\08. Module\AI\State">
      <UniqueIdentifier>{201f9d0e-f6b4-4cec-90ad-3e669fce78b8}</UniqueIdentifier>
    </Filter>
    <Filter Include="Engine\08. Module\AI\State\Idle">
      <UniqueIdentifier>{b21532fd-fa6a-4f26-9f14-c9168f30fcc8}</UniqueIdentifier>
    </Filter>
    <Filter Include="Engine\04. Object\Tear">
      <UniqueIdentifier>{372d995f-d139-47e0-b40c-ae67df962444}</UniqueIdentifier>
    </Filter>
    <Filter Include="Engine\08. Module\AI\State\Trace">
      <UniqueIdentifier>{d4c5baec-812f-4de7-b610-b48f096e653c}</UniqueIdentifier>
    </Filter>
    <Filter Include="Engine\08. Module\AI\State\Attack">
      <UniqueIdentifier>{cdfa00c5-4eae-4d50-960e-750eb2036af0}</UniqueIdentifier>
    </Filter>
    <Filter Include="Engine\08. Module\AI\State\Dead">
      <UniqueIdentifier>{66f5f5a4-780c-424e-bb0a-6065d116aed1}</UniqueIdentifier>
    </Filter>
    <Filter Include="Engine\04. Object\Monster\Fly">
      <UniqueIdentifier>{83408e72-1bb4-42ca-99d7-32fa0fe3f43f}</UniqueIdentifier>
    </Filter>
    <Filter Include="Engine\07. Component\RigidBody">
      <UniqueIdentifier>{93104f58-02c7-4c66-982c-013a89de0b40}</UniqueIdentifier>
    </Filter>
    <Filter Include="Engine\04. Object\Pickup">
      <UniqueIdentifier>{d1a7ebca-d7ae-4b57-9319-665909fe8e24}</UniqueIdentifier>
    </Filter>
    <Filter Include="Engine\04. Object\Pickup\Bomb">
      <UniqueIdentifier>{81256ea3-46d1-434f-83ae-73aab5fe9627}</UniqueIdentifier>
    </Filter>
    <Filter Include="Engine\04. Object\Pickup\Coin">
      <UniqueIdentifier>{fb92734d-2f77-4815-a735-bcbb921fe03d}</UniqueIdentifier>
    </Filter>
    <Filter Include="Engine\04. Object\Pickup\Heart">
      <UniqueIdentifier>{ad7704d4-6c86-485a-b5c2-be9a01a85d89}</UniqueIdentifier>
    </Filter>
    <Filter Include="Engine\04. Object\Pickup\Key">
      <UniqueIdentifier>{195566c6-ff8e-4376-af10-8c56486e7e59}</UniqueIdentifier>
    </Filter>
    <Filter Include="Engine\04. Object\Bomb">
      <UniqueIdentifier>{fd0a0339-c36d-4280-a760-35c757293a83}</UniqueIdentifier>
    </Filter>
    <Filter Include="Engine\05. Scene\Scene_Start\Map">
      <UniqueIdentifier>{7f5c9146-f08a-4220-b611-146d37f7c58e}</UniqueIdentifier>
    </Filter>
    <Filter Include="Engine\04. Object\Room">
      <UniqueIdentifier>{584a09ca-90a1-486a-b2a6-2f3693b14aee}</UniqueIdentifier>
    </Filter>
    <Filter Include="Engine\04. Object\Room\Door">
      <UniqueIdentifier>{d1f80a75-684f-4ce3-80cd-049f5d5c9fd2}</UniqueIdentifier>
    </Filter>
    <Filter Include="Engine\04. Object\Room\RoomSub">
      <UniqueIdentifier>{f8ecf2fd-ed9e-48e9-82f6-116693bf8abf}</UniqueIdentifier>
    </Filter>
    <Filter Include="Engine\03. Manager\ItemMgr">
      <UniqueIdentifier>{de25e662-d7ac-41a0-a8f1-c187338dee66}</UniqueIdentifier>
    </Filter>
    <Filter Include="Engine\04. Object\Monster\host">
      <UniqueIdentifier>{46609fcf-4cf7-4eeb-b794-03c5ac1a270a}</UniqueIdentifier>
    </Filter>
    <Filter Include="Engine\08. Module\AI\State\Patrol">
      <UniqueIdentifier>{10b387a1-4cb4-4dbb-a0bc-5672ec03f63b}</UniqueIdentifier>
    </Filter>
  </ItemGroup>
  <ItemGroup>
    <ClInclude Include="Core.h">
      <Filter>Engine\02. Core</Filter>
    </ClInclude>
    <ClInclude Include="20220302.h">
      <Filter>Default</Filter>
    </ClInclude>
    <ClInclude Include="Resource.h">
      <Filter>Default</Filter>
    </ClInclude>
    <ClInclude Include="targetver.h">
      <Filter>Default</Filter>
    </ClInclude>
    <ClInclude Include="define.h">
      <Filter>Engine\01. Header</Filter>
    </ClInclude>
    <ClInclude Include="pch.h" />
    <ClInclude Include="struct.h">
      <Filter>Engine\01. Header</Filter>
    </ClInclude>
    <ClInclude Include="KeyMgr.h">
      <Filter>Engine\03. Manager\KeyMgr</Filter>
    </ClInclude>
    <ClInclude Include="TimeMgr.h">
      <Filter>Engine\03. Manager\TimeMgr</Filter>
    </ClInclude>
    <ClInclude Include="SceneMgr.h">
      <Filter>Engine\03. Manager\SceneMgr</Filter>
    </ClInclude>
    <ClInclude Include="Scene.h">
      <Filter>Engine\05. Scene</Filter>
    </ClInclude>
    <ClInclude Include="Scene_Start.h">
      <Filter>Engine\05. Scene\Scene_Start</Filter>
    </ClInclude>
    <ClInclude Include="Player.h">
      <Filter>Engine\04. Object\Player</Filter>
    </ClInclude>
    <ClInclude Include="Monster.h">
      <Filter>Engine\04. Object\Monster</Filter>
    </ClInclude>
    <ClInclude Include="Missile.h">
      <Filter>Engine\04. Object\Tear</Filter>
    </ClInclude>
    <ClInclude Include="Object.h">
      <Filter>Engine\04. Object</Filter>
    </ClInclude>
    <ClInclude Include="Sound.h">
      <Filter>Engine\06. Resource\Sound</Filter>
    </ClInclude>
    <ClInclude Include="Texture.h">
      <Filter>Engine\06. Resource\Texture</Filter>
    </ClInclude>
    <ClInclude Include="PathMgr.h">
      <Filter>Engine\03. Manager\PathMgr</Filter>
    </ClInclude>
    <ClInclude Include="Res.h">
      <Filter>Engine\06. Resource</Filter>
    </ClInclude>
    <ClInclude Include="ResMgr.h">
      <Filter>Engine\03. Manager\ResMgr</Filter>
    </ClInclude>
    <ClInclude Include="SelectGDI.h">
      <Filter>Engine\08. Module</Filter>
    </ClInclude>
    <ClInclude Include="CollisionMgr.h">
      <Filter>Engine\03. Manager\CollisionMgr</Filter>
    </ClInclude>
    <ClInclude Include="EventMgr.h">
      <Filter>Engine\03. Manager\EventMgr</Filter>
    </ClInclude>
    <ClInclude Include="func.h">
      <Filter>Engine\01. Header</Filter>
    </ClInclude>
    <ClInclude Include="Scene_Tool.h">
      <Filter>Engine\05. Scene\Scene_Tool</Filter>
    </ClInclude>
    <ClInclude Include="Animator.h">
      <Filter>Engine\07. Component\Animator</Filter>
    </ClInclude>
    <ClInclude Include="Collider.h">
      <Filter>Engine\07. Component\Collider</Filter>
    </ClInclude>
    <ClInclude Include="Door.h">
      <Filter>Engine\04. Object\Room\Door</Filter>
    </ClInclude>
    <ClInclude Include="Animation.h">
      <Filter>Engine\07. Component\Animator\Animation</Filter>
    </ClInclude>
    <ClInclude Include="Head.h">
      <Filter>Engine\04. Object\Player\Isaac</Filter>
    </ClInclude>
    <ClInclude Include="Body.h">
      <Filter>Engine\04. Object\Player\Isaac</Filter>
    </ClInclude>
    <ClInclude Include="Tile.h">
      <Filter>Engine\04. Object\Tile</Filter>
    </ClInclude>
    <ClInclude Include="UI.h">
      <Filter>Engine\04. Object\UI</Filter>
    </ClInclude>
    <ClInclude Include="UIMgr.h">
      <Filter>Engine\03. Manager\UIMgr</Filter>
    </ClInclude>
    <ClInclude Include="Camera.h">
      <Filter>Engine\03. Manager\Camera</Filter>
    </ClInclude>
    <ClInclude Include="Item.h">
      <Filter>Engine\04. Object\Item</Filter>
    </ClInclude>
    <ClInclude Include="PanelUI.h">
      <Filter>Engine\04. Object\UI\PanelUI</Filter>
    </ClInclude>
    <ClInclude Include="BtnUI.h">
      <Filter>Engine\04. Object\UI\BtnUI</Filter>
    </ClInclude>
    <ClInclude Include="Gaper.h">
      <Filter>Engine\04. Object\Monster\gaper</Filter>
    </ClInclude>
    <ClInclude Include="WallCollider.h">
      <Filter>Engine\04. Object\WallCollider</Filter>
    </ClInclude>
    <ClInclude Include="Scene_Menu.h">
      <Filter>Engine\05. Scene\Scene_Menu</Filter>
    </ClInclude>
    <ClInclude Include="MenuObj.h">
      <Filter>Engine\04. Object\Menu</Filter>
    </ClInclude>
    <ClInclude Include="Heart.h">
      <Filter>Engine\04. Object\UI\Status\Heart</Filter>
    </ClInclude>
    <ClInclude Include="PickupUI.h">
      <Filter>Engine\04. Object\UI\Status\Pickup</Filter>
    </ClInclude>
    <ClInclude Include="State.h">
      <Filter>Engine\08. Module\AI\State</Filter>
    </ClInclude>
    <ClInclude Include="IdleState.h">
      <Filter>Engine\08. Module\AI\State\Idle</Filter>
    </ClInclude>
    <ClInclude Include="AI.h">
      <Filter>Engine\08. Module\AI</Filter>
    </ClInclude>
    <ClInclude Include="TraceState.h">
      <Filter>Engine\08. Module\AI\State\Trace</Filter>
    </ClInclude>
    <ClInclude Include="Fly.h">
      <Filter>Engine\04. Object\Monster\Fly</Filter>
    </ClInclude>
    <ClInclude Include="MonsterFactory.h">
      <Filter>Engine\04. Object\Monster</Filter>
    </ClInclude>
    <ClInclude Include="RigidBody.h">
      <Filter>Engine\07. Component\RigidBody</Filter>
    </ClInclude>
    <ClInclude Include="Pickup.h">
      <Filter>Engine\04. Object\Pickup</Filter>
    </ClInclude>
    <ClInclude Include="PickupHeart.h">
      <Filter>Engine\04. Object\Pickup\Heart</Filter>
    </ClInclude>
    <ClInclude Include="PickupCoin.h">
      <Filter>Engine\04. Object\Pickup\Coin</Filter>
    </ClInclude>
    <ClInclude Include="PickupBomb.h">
      <Filter>Engine\04. Object\Pickup\Bomb</Filter>
    </ClInclude>
    <ClInclude Include="PickupKey.h">
      <Filter>Engine\04. Object\Pickup\Key</Filter>
    </ClInclude>
    <ClInclude Include="Bomb.h">
      <Filter>Engine\04. Object\Bomb</Filter>
    </ClInclude>
    <ClInclude Include="PickupCount.h">
      <Filter>Engine\04. Object\UI\Status\Pickup</Filter>
    </ClInclude>
    <ClInclude Include="Map.h">
      <Filter>Engine\05. Scene\Scene_Start\Map</Filter>
    </ClInclude>
    <ClInclude Include="Room.h">
      <Filter>Engine\04. Object\Room</Filter>
    </ClInclude>
    <ClInclude Include="NormalRoom.h">
      <Filter>Engine\04. Object\Room\RoomSub</Filter>
    </ClInclude>
    <ClInclude Include="StartRoom.h">
      <Filter>Engine\04. Object\Room\RoomSub</Filter>
    </ClInclude>
    <ClInclude Include="TreasureRoom.h">
      <Filter>Engine\04. Object\Room\RoomSub</Filter>
    </ClInclude>
    <ClInclude Include="ItemMgr.h">
      <Filter>Engine\03. Manager\ItemMgr</Filter>
    </ClInclude>
    <ClInclude Include="Host.h">
      <Filter>Engine\04. Object\Monster\host</Filter>
    </ClInclude>
    <ClInclude Include="AttackState.h">
      <Filter>Engine\08. Module\AI\State\Attack</Filter>
    </ClInclude>
    <ClInclude Include="PatrolState.h">
      <Filter>Engine\08. Module\AI\State\Patrol</Filter>
    </ClInclude>
    <ClInclude Include="DeadState.h">
      <Filter>Engine\08. Module\AI\State\Dead</Filter>
    </ClInclude>
    <ClInclude Include="sadonion.h" />
  </ItemGroup>
  <ItemGroup>
    <ClCompile Include="Core.cpp">
      <Filter>Engine\02. Core</Filter>
    </ClCompile>
    <ClCompile Include="20220302.cpp">
      <Filter>Default</Filter>
    </ClCompile>
    <ClCompile Include="Object.cpp">
      <Filter>Engine\04. Object</Filter>
    </ClCompile>
    <ClCompile Include="KeyMgr.cpp">
      <Filter>Engine\03. Manager\KeyMgr</Filter>
    </ClCompile>
    <ClCompile Include="TimeMgr.cpp">
      <Filter>Engine\03. Manager\TimeMgr</Filter>
    </ClCompile>
    <ClCompile Include="SceneMgr.cpp">
      <Filter>Engine\03. Manager\SceneMgr</Filter>
    </ClCompile>
    <ClCompile Include="Scene.cpp">
      <Filter>Engine\05. Scene</Filter>
    </ClCompile>
    <ClCompile Include="Scene_Start.cpp">
      <Filter>Engine\05. Scene\Scene_Start</Filter>
    </ClCompile>
    <ClCompile Include="Player.cpp">
      <Filter>Engine\04. Object\Player</Filter>
    </ClCompile>
    <ClCompile Include="Monster.cpp">
      <Filter>Engine\04. Object\Monster</Filter>
    </ClCompile>
    <ClCompile Include="Missile.cpp">
      <Filter>Engine\04. Object\Tear</Filter>
    </ClCompile>
    <ClCompile Include="Sound.cpp">
      <Filter>Engine\06. Resource\Sound</Filter>
    </ClCompile>
    <ClCompile Include="Texture.cpp">
      <Filter>Engine\06. Resource\Texture</Filter>
    </ClCompile>
    <ClCompile Include="PathMgr.cpp">
      <Filter>Engine\03. Manager\PathMgr</Filter>
    </ClCompile>
    <ClCompile Include="Res.cpp">
      <Filter>Engine\06. Resource</Filter>
    </ClCompile>
    <ClCompile Include="ResMgr.cpp">
      <Filter>Engine\03. Manager\ResMgr</Filter>
    </ClCompile>
    <ClCompile Include="SelectGDI.cpp">
      <Filter>Engine\08. Module</Filter>
    </ClCompile>
    <ClCompile Include="CollisionMgr.cpp">
      <Filter>Engine\03. Manager\CollisionMgr</Filter>
    </ClCompile>
    <ClCompile Include="EventMgr.cpp">
      <Filter>Engine\03. Manager\EventMgr</Filter>
    </ClCompile>
    <ClCompile Include="note.cpp">
      <Filter>Default</Filter>
    </ClCompile>
    <ClCompile Include="func.cpp">
      <Filter>Engine\01. Header</Filter>
    </ClCompile>
    <ClCompile Include="Scene_Tool.cpp">
      <Filter>Engine\05. Scene\Scene_Tool</Filter>
    </ClCompile>
    <ClCompile Include="Animator.cpp">
      <Filter>Engine\07. Component\Animator</Filter>
    </ClCompile>
    <ClCompile Include="Collider.cpp">
      <Filter>Engine\07. Component\Collider</Filter>
    </ClCompile>
    <ClCompile Include="Door.cpp">
      <Filter>Engine\04. Object\Room\Door</Filter>
    </ClCompile>
    <ClCompile Include="Animation.cpp">
      <Filter>Engine\07. Component\Animator\Animation</Filter>
    </ClCompile>
    <ClCompile Include="Body.cpp">
      <Filter>Engine\04. Object\Player\Isaac</Filter>
    </ClCompile>
    <ClCompile Include="Head.cpp">
      <Filter>Engine\04. Object\Player\Isaac</Filter>
    </ClCompile>
    <ClCompile Include="Tile.cpp">
      <Filter>Engine\04. Object\Tile</Filter>
    </ClCompile>
    <ClCompile Include="UI.cpp">
      <Filter>Engine\04. Object\UI</Filter>
    </ClCompile>
    <ClCompile Include="UIMgr.cpp">
      <Filter>Engine\03. Manager\UIMgr</Filter>
    </ClCompile>
    <ClCompile Include="Camera.cpp">
      <Filter>Engine\03. Manager\Camera</Filter>
    </ClCompile>
    <ClCompile Include="Item.cpp">
      <Filter>Engine\04. Object\Item</Filter>
    </ClCompile>
    <ClCompile Include="PanelUI.cpp">
      <Filter>Engine\04. Object\UI\PanelUI</Filter>
    </ClCompile>
    <ClCompile Include="BtnUI.cpp">
      <Filter>Engine\04. Object\UI\BtnUI</Filter>
    </ClCompile>
    <ClCompile Include="Gaper.cpp">
      <Filter>Engine\04. Object\Monster\gaper</Filter>
    </ClCompile>
    <ClCompile Include="WallCollider.cpp">
      <Filter>Engine\04. Object\WallCollider</Filter>
    </ClCompile>
    <ClCompile Include="Scene_Menu.cpp">
      <Filter>Engine\05. Scene\Scene_Menu</Filter>
    </ClCompile>
    <ClCompile Include="MenuObj.cpp">
      <Filter>Engine\04. Object\Menu</Filter>
    </ClCompile>
    <ClCompile Include="Heart.cpp">
      <Filter>Engine\04. Object\UI\Status\Heart</Filter>
    </ClCompile>
    <ClCompile Include="PickupUI.cpp">
      <Filter>Engine\04. Object\UI\Status\Pickup</Filter>
    </ClCompile>
    <ClCompile Include="State.cpp">
      <Filter>Engine\08. Module\AI\State</Filter>
    </ClCompile>
    <ClCompile Include="IdleState.cpp">
      <Filter>Engine\08. Module\AI\State\Idle</Filter>
    </ClCompile>
    <ClCompile Include="AI.cpp">
      <Filter>Engine\08. Module\AI</Filter>
    </ClCompile>
    <ClCompile Include="TraceState.cpp">
      <Filter>Engine\08. Module\AI\State\Trace</Filter>
    </ClCompile>
    <ClCompile Include="Fly.cpp">
      <Filter>Engine\04. Object\Monster\Fly</Filter>
    </ClCompile>
    <ClCompile Include="MonsterFactory.cpp">
      <Filter>Engine\04. Object\Monster</Filter>
    </ClCompile>
    <ClCompile Include="RigidBody.cpp">
      <Filter>Engine\07. Component\RigidBody</Filter>
    </ClCompile>
    <ClCompile Include="Pickup.cpp">
      <Filter>Engine\04. Object\Pickup</Filter>
    </ClCompile>
    <ClCompile Include="PickupHeart.cpp">
      <Filter>Engine\04. Object\Pickup\Heart</Filter>
    </ClCompile>
    <ClCompile Include="PickupCoin.cpp">
      <Filter>Engine\04. Object\Pickup\Coin</Filter>
    </ClCompile>
    <ClCompile Include="PickupBomb.cpp">
      <Filter>Engine\04. Object\Pickup\Bomb</Filter>
    </ClCompile>
    <ClCompile Include="PickupKey.cpp">
      <Filter>Engine\04. Object\Pickup\Key</Filter>
    </ClCompile>
    <ClCompile Include="Bomb.cpp">
      <Filter>Engine\04. Object\Bomb</Filter>
    </ClCompile>
    <ClCompile Include="PickupCount.cpp">
      <Filter>Engine\04. Object\UI\Status\Pickup</Filter>
    </ClCompile>
    <ClCompile Include="Map.cpp">
      <Filter>Engine\05. Scene\Scene_Start\Map</Filter>
    </ClCompile>
    <ClCompile Include="Room.cpp">
      <Filter>Engine\04. Object\Room</Filter>
    </ClCompile>
    <ClCompile Include="NormalRoom.cpp">
      <Filter>Engine\04. Object\Room\RoomSub</Filter>
    </ClCompile>
    <ClCompile Include="StartRoom.cpp">
      <Filter>Engine\04. Object\Room\RoomSub</Filter>
    </ClCompile>
    <ClCompile Include="TreasureRoom.cpp">
      <Filter>Engine\04. Object\Room\RoomSub</Filter>
    </ClCompile>
    <ClCompile Include="ItemMgr.cpp">
      <Filter>Engine\03. Manager\ItemMgr</Filter>
    </ClCompile>
    <ClCompile Include="Host.cpp">
      <Filter>Engine\04. Object\Monster\host</Filter>
    </ClCompile>
    <ClCompile Include="AttackState.cpp">
      <Filter>Engine\08. Module\AI\State\Attack</Filter>
    </ClCompile>
    <ClCompile Include="PatrolState.cpp">
      <Filter>Engine\08. Module\AI\State\Patrol</Filter>
    </ClCompile>
    <ClCompile Include="DeadState.cpp">
      <Filter>Engine\08. Module\AI\State\Dead</Filter>
    </ClCompile>
    <ClCompile Include="sadonion.cpp" />
  </ItemGroup>
  <ItemGroup>
    <ResourceCompile Include="20220302.rc">
      <Filter>Default\리소스 파일</Filter>
    </ResourceCompile>
  </ItemGroup>
  <ItemGroup>
    <Image Include="small.ico">
      <Filter>Default\리소스 파일</Filter>
    </Image>
    <Image Include="20220302.ico">
      <Filter>Default\리소스 파일</Filter>
    </Image>
  </ItemGroup>
</Project>